
Microsoft Visual Studio Solution File, Format Version 12.00
# Visual Studio 15
VisualStudioVersion = 15.0.28307.1525
MinimumVisualStudioVersion = 10.0.40219.1
Project("{FAE04EC0-301F-11D3-BF4B-00C04F79EFBC}") = "ComponentTest", "ComponentTest\ComponentTest.csproj", "{D78B7AEC-D3A6-49DE-816A-CEEBF99DEFFA}"
EndProject
Global
	GlobalSection(SolutionConfigurationPlatforms) = preSolution
		Debug|Any CPU = Debug|Any CPU
		Release|Any CPU = Release|Any CPU
	EndGlobalSection
	GlobalSection(ProjectConfigurationPlatforms) = postSolution
		{D78B7AEC-D3A6-49DE-816A-CEEBF99DEFFA}.Debug|Any CPU.ActiveCfg = Debug|Any CPU
		{D78B7AEC-D3A6-49DE-816A-CEEBF99DEFFA}.Debug|Any CPU.Build.0 = Debug|Any CPU
		{D78B7AEC-D3A6-49DE-816A-CEEBF99DEFFA}.Release|Any CPU.ActiveCfg = Release|Any CPU
		{D78B7AEC-D3A6-49DE-816A-CEEBF99DEFFA}.Release|Any CPU.Build.0 = Release|Any CPU
	EndGlobalSection
	GlobalSection(SolutionProperties) = preSolution
		HideSolutionNode = FALSE
	EndGlobalSection
	GlobalSection(ExtensibilityGlobals) = postSolution
		SolutionGuid = {5D59E1AC-BB7B-4B27-BB9B-B0F46874103B}
	EndGlobalSection
EndGlobal
